// !$*UTF8*$!
{
	archiveVersion = 1;
	classes = {
	};
	objectVersion = 46;
	objects = {

/* Begin PBXBuildFile section */
		0349FD2EC69C739D791ED28E /* Pods_DTask.framework in Frameworks */ = {isa = PBXBuildFile; fileRef = 95535B0E040BA76AEAFF5B5D /* Pods_DTask.framework */; };
		89C312A91E6C57A2009F0621 /* AppDelegate.swift in Sources */ = {isa = PBXBuildFile; fileRef = 89C312A81E6C57A2009F0621 /* AppDelegate.swift */; };
		89C312AB1E6C57A2009F0621 /* ViewController.swift in Sources */ = {isa = PBXBuildFile; fileRef = 89C312AA1E6C57A2009F0621 /* ViewController.swift */; };
		89C312AE1E6C57A2009F0621 /* Main.storyboard in Resources */ = {isa = PBXBuildFile; fileRef = 89C312AC1E6C57A2009F0621 /* Main.storyboard */; };
		89C312B01E6C57A2009F0621 /* Assets.xcassets in Resources */ = {isa = PBXBuildFile; fileRef = 89C312AF1E6C57A2009F0621 /* Assets.xcassets */; };
		89C312B31E6C57A2009F0621 /* LaunchScreen.storyboard in Resources */ = {isa = PBXBuildFile; fileRef = 89C312B11E6C57A2009F0621 /* LaunchScreen.storyboard */; };
		89C312BB1E6C857C009F0621 /* GoogleService-Info.plist in Resources */ = {isa = PBXBuildFile; fileRef = 89C312BA1E6C857C009F0621 /* GoogleService-Info.plist */; };
		89C312C01E6C8DAA009F0621 /* TaskTableViewCell.swift in Sources */ = {isa = PBXBuildFile; fileRef = 89C312BE1E6C8DAA009F0621 /* TaskTableViewCell.swift */; };
		89C312C11E6C8DAA009F0621 /* TaskTableViewCell.xib in Resources */ = {isa = PBXBuildFile; fileRef = 89C312BF1E6C8DAA009F0621 /* TaskTableViewCell.xib */; };
		89C312C41E6C8EA9009F0621 /* Task.swift in Sources */ = {isa = PBXBuildFile; fileRef = 89C312C31E6C8EA9009F0621 /* Task.swift */; };
		89C312C91E6CB676009F0621 /* AddTaskViewController.swift in Sources */ = {isa = PBXBuildFile; fileRef = 89C312C81E6CB676009F0621 /* AddTaskViewController.swift */; };
/* End PBXBuildFile section */

/* Begin PBXFileReference section */
		4AD0A74F3541BE02816C01C3 /* Pods-DTask.debug.xcconfig */ = {isa = PBXFileReference; includeInIndex = 1; lastKnownFileType = text.xcconfig; name = "Pods-DTask.debug.xcconfig"; path = "Pods/Target Support Files/Pods-DTask/Pods-DTask.debug.xcconfig"; sourceTree = "<group>"; };
		89C312A51E6C57A2009F0621 /* DTask.app */ = {isa = PBXFileReference; explicitFileType = wrapper.application; includeInIndex = 0; path = DTask.app; sourceTree = BUILT_PRODUCTS_DIR; };
		89C312A81E6C57A2009F0621 /* AppDelegate.swift */ = {isa = PBXFileReference; lastKnownFileType = sourcecode.swift; path = AppDelegate.swift; sourceTree = "<group>"; };
		89C312AA1E6C57A2009F0621 /* ViewController.swift */ = {isa = PBXFileReference; lastKnownFileType = sourcecode.swift; path = ViewController.swift; sourceTree = "<group>"; };
		89C312AD1E6C57A2009F0621 /* Base */ = {isa = PBXFileReference; lastKnownFileType = file.storyboard; name = Base; path = Base.lproj/Main.storyboard; sourceTree = "<group>"; };
		89C312AF1E6C57A2009F0621 /* Assets.xcassets */ = {isa = PBXFileReference; lastKnownFileType = folder.assetcatalog; path = Assets.xcassets; sourceTree = "<group>"; };
		89C312B21E6C57A2009F0621 /* Base */ = {isa = PBXFileReference; lastKnownFileType = file.storyboard; name = Base; path = Base.lproj/LaunchScreen.storyboard; sourceTree = "<group>"; };
		89C312B41E6C57A2009F0621 /* Info.plist */ = {isa = PBXFileReference; lastKnownFileType = text.plist.xml; path = Info.plist; sourceTree = "<group>"; };
		89C312BA1E6C857C009F0621 /* GoogleService-Info.plist */ = {isa = PBXFileReference; fileEncoding = 4; lastKnownFileType = text.plist.xml; path = "GoogleService-Info.plist"; sourceTree = "<group>"; };
		89C312BE1E6C8DAA009F0621 /* TaskTableViewCell.swift */ = {isa = PBXFileReference; fileEncoding = 4; lastKnownFileType = sourcecode.swift; path = TaskTableViewCell.swift; sourceTree = "<group>"; };
		89C312BF1E6C8DAA009F0621 /* TaskTableViewCell.xib */ = {isa = PBXFileReference; fileEncoding = 4; lastKnownFileType = file.xib; path = TaskTableViewCell.xib; sourceTree = "<group>"; };
		89C312C31E6C8EA9009F0621 /* Task.swift */ = {isa = PBXFileReference; fileEncoding = 4; lastKnownFileType = sourcecode.swift; path = Task.swift; sourceTree = "<group>"; };
		89C312C81E6CB676009F0621 /* AddTaskViewController.swift */ = {isa = PBXFileReference; fileEncoding = 4; lastKnownFileType = sourcecode.swift; path = AddTaskViewController.swift; sourceTree = "<group>"; };
		95535B0E040BA76AEAFF5B5D /* Pods_DTask.framework */ = {isa = PBXFileReference; explicitFileType = wrapper.framework; includeInIndex = 0; path = Pods_DTask.framework; sourceTree = BUILT_PRODUCTS_DIR; };
		DAC41A1DCDB8AF5966F5AE56 /* Pods-DTask.release.xcconfig */ = {isa = PBXFileReference; includeInIndex = 1; lastKnownFileType = text.xcconfig; name = "Pods-DTask.release.xcconfig"; path = "Pods/Target Support Files/Pods-DTask/Pods-DTask.release.xcconfig"; sourceTree = "<group>"; };
/* End PBXFileReference section */

/* Begin PBXFrameworksBuildPhase section */
		89C312A21E6C57A1009F0621 /* Frameworks */ = {
			isa = PBXFrameworksBuildPhase;
			buildActionMask = 2147483647;
			files = (
				0349FD2EC69C739D791ED28E /* Pods_DTask.framework in Frameworks */,
			);
			runOnlyForDeploymentPostprocessing = 0;
		};
/* End PBXFrameworksBuildPhase section */

/* Begin PBXGroup section */
		89C3129C1E6C57A1009F0621 = {
			isa = PBXGroup;
			children = (
				89C312A71E6C57A2009F0621 /* DTask */,
				89C312A61E6C57A2009F0621 /* Products */,
				9786FB3AC077B03EA12EA600 /* Pods */,
				AC68B3D69B250735523B4500 /* Frameworks */,
			);
			sourceTree = "<group>";
		};
		89C312A61E6C57A2009F0621 /* Products */ = {
			isa = PBXGroup;
			children = (
				89C312A51E6C57A2009F0621 /* DTask.app */,
			);
			name = Products;
			sourceTree = "<group>";
		};
		89C312A71E6C57A2009F0621 /* DTask */ = {
			isa = PBXGroup;
			children = (
				89C312C31E6C8EA9009F0621 /* Task.swift */,
				89C312AC1E6C57A2009F0621 /* Main.storyboard */,
				89C312BD1E6C8D72009F0621 /* VC */,
				89C312C21E6C8DB9009F0621 /* View */,
				89C312BC1E6C8D66009F0621 /* Supporting Files */,
			);
			path = DTask;
			sourceTree = "<group>";
		};
		89C312BC1E6C8D66009F0621 /* Supporting Files */ = {
			isa = PBXGroup;
			children = (
				89C312A81E6C57A2009F0621 /* AppDelegate.swift */,
				89C312AF1E6C57A2009F0621 /* Assets.xcassets */,
				89C312B11E6C57A2009F0621 /* LaunchScreen.storyboard */,
				89C312BA1E6C857C009F0621 /* GoogleService-Info.plist */,
				89C312B41E6C57A2009F0621 /* Info.plist */,
			);
			name = "Supporting Files";
			sourceTree = "<group>";
		};
		89C312BD1E6C8D72009F0621 /* VC */ = {
			isa = PBXGroup;
			children = (
				89C312AA1E6C57A2009F0621 /* ViewController.swift */,
				89C312C81E6CB676009F0621 /* AddTaskViewController.swift */,
			);
			name = VC;
			sourceTree = "<group>";
		};
		89C312C21E6C8DB9009F0621 /* View */ = {
			isa = PBXGroup;
			children = (
				89C312BE1E6C8DAA009F0621 /* TaskTableViewCell.swift */,
				89C312BF1E6C8DAA009F0621 /* TaskTableViewCell.xib */,
			);
			name = View;
			sourceTree = "<group>";
		};
		9786FB3AC077B03EA12EA600 /* Pods */ = {
			isa = PBXGroup;
			children = (
				4AD0A74F3541BE02816C01C3 /* Pods-DTask.debug.xcconfig */,
				DAC41A1DCDB8AF5966F5AE56 /* Pods-DTask.release.xcconfig */,
			);
			name = Pods;
			sourceTree = "<group>";
		};
		AC68B3D69B250735523B4500 /* Frameworks */ = {
			isa = PBXGroup;
			children = (
				95535B0E040BA76AEAFF5B5D /* Pods_DTask.framework */,
			);
			name = Frameworks;
			sourceTree = "<group>";
		};
/* End PBXGroup section */

/* Begin PBXNativeTarget section */
		89C312A41E6C57A1009F0621 /* DTask */ = {
			isa = PBXNativeTarget;
			buildConfigurationList = 89C312B71E6C57A2009F0621 /* Build configuration list for PBXNativeTarget "DTask" */;
			buildPhases = (
				89162EECED2A53CF7D589DA1 /* [CP] Check Pods Manifest.lock */,
				89C312A11E6C57A1009F0621 /* Sources */,
				89C312A21E6C57A1009F0621 /* Frameworks */,
				89C312A31E6C57A1009F0621 /* Resources */,
				835AECBC3E06956FFCAF8D6F /* [CP] Embed Pods Frameworks */,
				7B6FF23F45C7B6902B61B426 /* [CP] Copy Pods Resources */,
			);
			buildRules = (
			);
			dependencies = (
			);
			name = DTask;
			productName = DTask;
			productReference = 89C312A51E6C57A2009F0621 /* DTask.app */;
			productType = "com.apple.product-type.application";
		};
/* End PBXNativeTarget section */

/* Begin PBXProject section */
		89C3129D1E6C57A1009F0621 /* Project object */ = {
			isa = PBXProject;
			attributes = {
				LastSwiftUpdateCheck = 0820;
				LastUpgradeCheck = 0820;
				ORGANIZATIONNAME = "David Bielik";
				TargetAttributes = {
					89C312A41E6C57A1009F0621 = {
						CreatedOnToolsVersion = 8.2.1;
						DevelopmentTeam = 6QH7E4QW2D;
						ProvisioningStyle = Automatic;
					};
				};
			};
			buildConfigurationList = 89C312A01E6C57A1009F0621 /* Build configuration list for PBXProject "DTask" */;
			compatibilityVersion = "Xcode 3.2";
			developmentRegion = English;
			hasScannedForEncodings = 0;
			knownRegions = (
				en,
				Base,
			);
			mainGroup = 89C3129C1E6C57A1009F0621;
			productRefGroup = 89C312A61E6C57A2009F0621 /* Products */;
			projectDirPath = "";
			projectRoot = "";
			targets = (
				89C312A41E6C57A1009F0621 /* DTask */,
			);
		};
/* End PBXProject section */

/* Begin PBXResourcesBuildPhase section */
		89C312A31E6C57A1009F0621 /* Resources */ = {
			isa = PBXResourcesBuildPhase;
			buildActionMask = 2147483647;
			files = (
				89C312B31E6C57A2009F0621 /* LaunchScreen.storyboard in Resources */,
				89C312BB1E6C857C009F0621 /* GoogleService-Info.plist in Resources */,
				89C312B01E6C57A2009F0621 /* Assets.xcassets in Resources */,
				89C312AE1E6C57A2009F0621 /* Main.storyboard in Resources */,
				89C312C11E6C8DAA009F0621 /* TaskTableViewCell.xib in Resources */,
			);
			runOnlyForDeploymentPostprocessing = 0;
		};
/* End PBXResourcesBuildPhase section */

/* Begin PBXShellScriptBuildPhase section */
		7B6FF23F45C7B6902B61B426 /* [CP] Copy Pods Resources */ = {
			isa = PBXShellScriptBuildPhase;
			buildActionMask = 2147483647;
			files = (
			);
			inputPaths = (
			);
			name = "[CP] Copy Pods Resources";
			outputPaths = (
			);
			runOnlyForDeploymentPostprocessing = 0;
			shellPath = /bin/sh;
			shellScript = "\"${SRCROOT}/Pods/Target Support Files/Pods-DTask/Pods-DTask-resources.sh\"\n";
			showEnvVarsInLog = 0;
		};
		835AECBC3E06956FFCAF8D6F /* [CP] Embed Pods Frameworks */ = {
			isa = PBXShellScriptBuildPhase;
			buildActionMask = 2147483647;
			files = (
			);
			inputPaths = (
			);
			name = "[CP] Embed Pods Frameworks";
			outputPaths = (
			);
			runOnlyForDeploymentPostprocessing = 0;
			shellPath = /bin/sh;
			shellScript = "\"${SRCROOT}/Pods/Target Support Files/Pods-DTask/Pods-DTask-frameworks.sh\"\n";
			showEnvVarsInLog = 0;
		};
		89162EECED2A53CF7D589DA1 /* [CP] Check Pods Manifest.lock */ = {
			isa = PBXShellScriptBuildPhase;
			buildActionMask = 2147483647;
			files = (
			);
			inputPaths = (
			);
			name = "[CP] Check Pods Manifest.lock";
			outputPaths = (
			);
			runOnlyForDeploymentPostprocessing = 0;
			shellPath = /bin/sh;
			shellScript = "diff \"${PODS_ROOT}/../Podfile.lock\" \"${PODS_ROOT}/Manifest.lock\" > /dev/null\nif [ $? != 0 ] ; then\n    # print error to STDERR\n    echo \"error: The sandbox is not in sync with the Podfile.lock. Run 'pod install' or update your CocoaPods installation.\" >&2\n    exit 1\nfi\n";
			showEnvVarsInLog = 0;
		};
/* End PBXShellScriptBuildPhase section */

/* Begin PBXSourcesBuildPhase section */
		89C312A11E6C57A1009F0621 /* Sources */ = {
			isa = PBXSourcesBuildPhase;
			buildActionMask = 2147483647;
			files = (
				89C312C41E6C8EA9009F0621 /* Task.swift in Sources */,
				89C312AB1E6C57A2009F0621 /* ViewController.swift in Sources */,
				89C312A91E6C57A2009F0621 /* AppDelegate.swift in Sources */,
				89C312C01E6C8DAA009F0621 /* TaskTableViewCell.swift in Sources */,
				89C312C91E6CB676009F0621 /* AddTaskViewController.swift in Sources */,
			);
			runOnlyForDeploymentPostprocessing = 0;
		};
/* End PBXSourcesBuildPhase section */

/* Begin PBXVariantGroup section */
		89C312AC1E6C57A2009F0621 /* Main.storyboard */ = {
			isa = PBXVariantGroup;
			children = (
				89C312AD1E6C57A2009F0621 /* Base */,
			);
			name = Main.storyboard;
			sourceTree = "<group>";
		};
		89C312B11E6C57A2009F0621 /* LaunchScreen.storyboard */ = {
			isa = PBXVariantGroup;
			children = (
				89C312B21E6C57A2009F0621 /* Base */,
			);
			name = LaunchScreen.storyboard;
			sourceTree = "<group>";
		};
/* End PBXVariantGroup section */

/* Begin XCBuildConfiguration section */
		89C312B51E6C57A2009F0621 /* Debug */ = {
			isa = XCBuildConfiguration;
			buildSettings = {
				ALWAYS_SEARCH_USER_PATHS = NO;
				CLANG_ANALYZER_NONNULL = YES;
				CLANG_CXX_LANGUAGE_STANDARD = "gnu++0x";
				CLANG_CXX_LIBRARY = "libc++";
				CLANG_ENABLE_MODULES = YES;
				CLANG_ENABLE_OBJC_ARC = YES;
				CLANG_WARN_BOOL_CONVERSION = YES;
				CLANG_WARN_CONSTANT_CONVERSION = YES;
				CLANG_WARN_DIRECT_OBJC_ISA_USAGE = YES_ERROR;
				CLANG_WARN_DOCUMENTATION_COMMENTS = YES;
				CLANG_WARN_EMPTY_BODY = YES;
				CLANG_WARN_ENUM_CONVERSION = YES;
				CLANG_WARN_INFINITE_RECURSION = YES;
				CLANG_WARN_INT_CONVERSION = YES;
				CLANG_WARN_OBJC_ROOT_CLASS = YES_ERROR;
				CLANG_WARN_SUSPICIOUS_MOVE = YES;
				CLANG_WARN_UNREACHABLE_CODE = YES;
				CLANG_WARN__DUPLICATE_METHOD_MATCH = YES;
				"CODE_SIGN_IDENTITY[sdk=iphoneos*]" = "iPhone Developer";
				COPY_PHASE_STRIP = NO;
				DEBUG_INFORMATION_FORMAT = dwarf;
				ENABLE_STRICT_OBJC_MSGSEND = YES;
				ENABLE_TESTABILITY = YES;
				GCC_C_LANGUAGE_STANDARD = gnu99;
				GCC_DYNAMIC_NO_PIC = NO;
				GCC_NO_COMMON_BLOCKS = YES;
				GCC_OPTIMIZATION_LEVEL = 0;
				GCC_PREPROCESSOR_DEFINITIONS = (
					"DEBUG=1",
					"$(inherited)",
				);
				GCC_WARN_64_TO_32_BIT_CONVERSION = YES;
				GCC_WARN_ABOUT_RETURN_TYPE = YES_ERROR;
				GCC_WARN_UNDECLARED_SELECTOR = YES;
				GCC_WARN_UNINITIALIZED_AUTOS = YES_AGGRESSIVE;
				GCC_WARN_UNUSED_FUNCTION = YES;
				GCC_WARN_UNUSED_VARIABLE = YES;
				IPHONEOS_DEPLOYMENT_TARGET = 10.2;
				MTL_ENABLE_DEBUG_INFO = YES;
				ONLY_ACTIVE_ARCH = YES;
				SDKROOT = iphoneos;
				SWIFT_ACTIVE_COMPILATION_CONDITIONS = DEBUG;
				SWIFT_OPTIMIZATION_LEVEL = "-Onone";
				TARGETED_DEVICE_FAMILY = "1,2";
			};
			name = Debug;
		};
		89C312B61E6C57A2009F0621 /* Release */ = {
			isa = XCBuildConfiguration;
			buildSettings = {
				ALWAYS_SEARCH_USER_PATHS = NO;
				CLANG_ANALYZER_NONNULL = YES;
				CLANG_CXX_LANGUAGE_STANDARD = "gnu++0x";
				CLANG_CXX_LIBRARY = "libc++";
				CLANG_ENABLE_MODULES = YES;
				CLANG_ENABLE_OBJC_ARC = YES;
				CLANG_WARN_BOOL_CONVERSION = YES;
				CLANG_WARN_CONSTANT_CONVERSION = YES;
				CLANG_WARN_DIRECT_OBJC_ISA_USAGE = YES_ERROR;
				CLANG_WARN_DOCUMENTATION_COMMENTS = YES;
				CLANG_WARN_EMPTY_BODY = YES;
				CLANG_WARN_ENUM_CONVERSION = YES;
				CLANG_WARN_INFINITE_RECURSION = YES;
				CLANG_WARN_INT_CONVERSION = YES;
				CLANG_WARN_OBJC_ROOT_CLASS = YES_ERROR;
				CLANG_WARN_SUSPICIOUS_MOVE = YES;
				CLANG_WARN_UNREACHABLE_CODE = YES;
				CLANG_WARN__DUPLICATE_METHOD_MATCH = YES;
				"CODE_SIGN_IDENTITY[sdk=iphoneos*]" = "iPhone Developer";
				COPY_PHASE_STRIP = NO;
				DEBUG_INFORMATION_FORMAT = "dwarf-with-dsym";
				ENABLE_NS_ASSERTIONS = NO;
				ENABLE_STRICT_OBJC_MSGSEND = YES;
				GCC_C_LANGUAGE_STANDARD = gnu99;
				GCC_NO_COMMON_BLOCKS = YES;
				GCC_WARN_64_TO_32_BIT_CONVERSION = YES;
				GCC_WARN_ABOUT_RETURN_TYPE = YES_ERROR;
				GCC_WARN_UNDECLARED_SELECTOR = YES;
				GCC_WARN_UNINITIALIZED_AUTOS = YES_AGGRESSIVE;
				GCC_WARN_UNUSED_FUNCTION = YES;
				GCC_WARN_UNUSED_VARIABLE = YES;
				IPHONEOS_DEPLOYMENT_TARGET = 10.2;
				MTL_ENABLE_DEBUG_INFO = NO;
				SDKROOT = iphoneos;
				SWIFT_OPTIMIZATION_LEVEL = "-Owholemodule";
				TARGETED_DEVICE_FAMILY = "1,2";
				VALIDATE_PRODUCT = YES;
			};
			name = Release;
		};
		89C312B81E6C57A2009F0621 /* Debug */ = {
			isa = XCBuildConfiguration;
			baseConfigurationReference = 4AD0A74F3541BE02816C01C3 /* Pods-DTask.debug.xcconfig */;
			buildSettings = {
				ASSETCATALOG_COMPILER_APPICON_NAME = AppIcon;
				DEVELOPMENT_TEAM = 6QH7E4QW2D;
				INFOPLIST_FILE = DTask/Info.plist;
				LD_RUNPATH_SEARCH_PATHS = "$(inherited) @executable_path/Frameworks";
				PRODUCT_BUNDLE_IDENTIFIER = com.dvdblk.DTask;
				PRODUCT_NAME = "$(TARGET_NAME)";
				SWIFT_VERSION = 3.0;
			};
			name = Debug;
		};
		89C312B91E6C57A2009F0621 /* Release */ = {
			isa = XCBuildConfiguration;
			baseConfigurationReference = DAC41A1DCDB8AF5966F5AE56 /* Pods-DTask.release.xcconfig */;
			buildSettings = {
				ASSETCATALOG_COMPILER_APPICON_NAME = AppIcon;
				DEVELOPMENT_TEAM = 6QH7E4QW2D;
				INFOPLIST_FILE = DTask/Info.plist;
				LD_RUNPATH_SEARCH_PATHS = "$(inherited) @executable_path/Frameworks";
				PRODUCT_BUNDLE_IDENTIFIER = com.dvdblk.DTask;
				PRODUCT_NAME = "$(TARGET_NAME)";
				SWIFT_VERSION = 3.0;
			};
			name = Release;
		};
/* End XCBuildConfiguration section */

/* Begin XCConfigurationList section */
		89C312A01E6C57A1009F0621 /* Build configuration list for PBXProject "DTask" */ = {
			isa = XCConfigurationList;
			buildConfigurations = (
				89C312B51E6C57A2009F0621 /* Debug */,
				89C312B61E6C57A2009F0621 /* Release */,
			);
			defaultConfigurationIsVisible = 0;
			defaultConfigurationName = Release;
		};
		89C312B71E6C57A2009F0621 /* Build configuration list for PBXNativeTarget "DTask" */ = {
			isa = XCConfigurationList;
			buildConfigurations = (
				89C312B81E6C57A2009F0621 /* Debug */,
				89C312B91E6C57A2009F0621 /* Release */,
			);
			defaultConfigurationIsVisible = 0;
			defaultConfigurationName = Release;
		};
/* End XCConfigurationList section */
	};
	rootObject = 89C3129D1E6C57A1009F0621 /* Project object */;
}
